
Microsoft Visual Studio Solution File, Format Version 12.00
# Visual Studio Version 17
VisualStudioVersion = 17.2.32516.85
MinimumVisualStudioVersion = 10.0.40219.1
Project("{FAE04EC0-301F-11D3-BF4B-00C04F79EFBC}") = "Lesson4", "Lesson4\Lesson4.csproj", "{044DBA1D-BB67-43D6-9773-57E96B3EBE40}"
EndProject
Global
	GlobalSection(SolutionConfigurationPlatforms) = preSolution
		Debug|Any CPU = Debug|Any CPU
		Release|Any CPU = Release|Any CPU
	EndGlobalSection
	GlobalSection(ProjectConfigurationPlatforms) = postSolution
		{044DBA1D-BB67-43D6-9773-57E96B3EBE40}.Debug|Any CPU.ActiveCfg = Debug|Any CPU
		{044DBA1D-BB67-43D6-9773-57E96B3EBE40}.Debug|Any CPU.Build.0 = Debug|Any CPU
		{044DBA1D-BB67-43D6-9773-57E96B3EBE40}.Release|Any CPU.ActiveCfg = Release|Any CPU
		{044DBA1D-BB67-43D6-9773-57E96B3EBE40}.Release|Any CPU.Build.0 = Release|Any CPU
	EndGlobalSection
	GlobalSection(SolutionProperties) = preSolution
		HideSolutionNode = FALSE
	EndGlobalSection
	GlobalSection(ExtensibilityGlobals) = postSolution
		SolutionGuid = {622E3D4C-97A0-45BC-A73E-6889424D85A9}
	EndGlobalSection
EndGlobal
